
Microsoft Visual Studio Solution File, Format Version 12.00
# Visual Studio Version 16
VisualStudioVersion = 16.0.31424.327
MinimumVisualStudioVersion = 10.0.40219.1
Project("{FAE04EC0-301F-11D3-BF4B-00C04F79EFBC}") = "FormASP.NET Core", "FormASP.NET Core\FormASP.NET Core.csproj", "{9EB0D128-D906-446A-9ADD-19DD81C0398C}"
EndProject
Global
	GlobalSection(SolutionConfigurationPlatforms) = preSolution
		Debug|Any CPU = Debug|Any CPU
		Release|Any CPU = Release|Any CPU
	EndGlobalSection
	GlobalSection(ProjectConfigurationPlatforms) = postSolution
		{9EB0D128-D906-446A-9ADD-19DD81C0398C}.Debug|Any CPU.ActiveCfg = Debug|Any CPU
		{9EB0D128-D906-446A-9ADD-19DD81C0398C}.Debug|Any CPU.Build.0 = Debug|Any CPU
		{9EB0D128-D906-446A-9ADD-19DD81C0398C}.Release|Any CPU.ActiveCfg = Release|Any CPU
		{9EB0D128-D906-446A-9ADD-19DD81C0398C}.Release|Any CPU.Build.0 = Release|Any CPU
	EndGlobalSection
	GlobalSection(SolutionProperties) = preSolution
		HideSolutionNode = FALSE
	EndGlobalSection
	GlobalSection(ExtensibilityGlobals) = postSolution
		SolutionGuid = {C7D2F129-E7C4-4983-B715-D03849C09579}
	EndGlobalSection
EndGlobal
